
Microsoft Visual Studio Solution File, Format Version 12.00
# Visual Studio 14
VisualStudioVersion = 14.0.23107.0
MinimumVisualStudioVersion = 10.0.40219.1
Project("{FAE04EC0-301F-11D3-BF4B-00C04F79EFBC}") = "ReverseSring1", "ReverseSring1\ReverseSring1.csproj", "{3A03E550-8E66-4428-8615-940F244CBBD4}"
EndProject
Project("{FAE04EC0-301F-11D3-BF4B-00C04F79EFBC}") = "ReverseString2", "ReverseString2\ReverseString2.csproj", "{DE029478-6193-432A-9F42-996B514B91C5}"
EndProject
Project("{FAE04EC0-301F-11D3-BF4B-00C04F79EFBC}") = "LongestPalindrom", "LongestPalindrom\LongestPalindrom.csproj", "{687A9F34-01F6-40AF-A8DE-D1A7FF0F82AC}"
EndProject
Project("{FAE04EC0-301F-11D3-BF4B-00C04F79EFBC}") = "ExtendionMethod", "ExtendionMethod\ExtendionMethod.csproj", "{1904998E-A871-4F2A-9514-8037DD96D2FF}"
EndProject
Project("{FAE04EC0-301F-11D3-BF4B-00C04F79EFBC}") = "DuplicateInAray", "DuplicateInAray\DuplicateInAray.csproj", "{6D19AC45-FC2E-4935-94B4-C53AE0737392}"
EndProject
Project("{FAE04EC0-301F-11D3-BF4B-00C04F79EFBC}") = "BitWiseDuplicationCheckInArray", "BitWiseDuplicationCheckInArray\BitWiseDuplicationCheckInArray.csproj", "{06466637-77A1-44C6-98DC-5B2514E7168F}"
EndProject
Project("{FAE04EC0-301F-11D3-BF4B-00C04F79EFBC}") = "MiltipleDuplicateInArray", "MiltipleDuplicateInArray\MiltipleDuplicateInArray.csproj", "{8B756B63-1416-4EFD-8905-48C6317B5A0B}"
EndProject
Project("{FAE04EC0-301F-11D3-BF4B-00C04F79EFBC}") = "BinarySearch", "BinarySearch\BinarySearch.csproj", "{529CB8C2-1BC9-4739-AC16-C506564F4CB3}"
EndProject
Project("{FAE04EC0-301F-11D3-BF4B-00C04F79EFBC}") = "LinkedListImplementationOfStack", "LinkedListImplementationOfStack\LinkedListImplementationOfStack.csproj", "{CC012125-C11A-49C3-A7AE-786AF13FEE93}"
EndProject
Project("{FAE04EC0-301F-11D3-BF4B-00C04F79EFBC}") = "NumberToStringConvesation", "NumberToStringConvesation\NumberToStringConvesation.csproj", "{38450904-2455-4A9C-935C-425CF0627D1F}"
EndProject
Project("{FAE04EC0-301F-11D3-BF4B-00C04F79EFBC}") = "ArrayRotation", "ArrayRotation\ArrayRotation.csproj", "{6DCBB64F-C554-493D-A0B4-3C39A9309C4D}"
EndProject
Global
	GlobalSection(SolutionConfigurationPlatforms) = preSolution
		Debug|Any CPU = Debug|Any CPU
		Release|Any CPU = Release|Any CPU
	EndGlobalSection
	GlobalSection(ProjectConfigurationPlatforms) = postSolution
		{3A03E550-8E66-4428-8615-940F244CBBD4}.Debug|Any CPU.ActiveCfg = Debug|Any CPU
		{3A03E550-8E66-4428-8615-940F244CBBD4}.Debug|Any CPU.Build.0 = Debug|Any CPU
		{3A03E550-8E66-4428-8615-940F244CBBD4}.Release|Any CPU.ActiveCfg = Release|Any CPU
		{3A03E550-8E66-4428-8615-940F244CBBD4}.Release|Any CPU.Build.0 = Release|Any CPU
		{DE029478-6193-432A-9F42-996B514B91C5}.Debug|Any CPU.ActiveCfg = Debug|Any CPU
		{DE029478-6193-432A-9F42-996B514B91C5}.Debug|Any CPU.Build.0 = Debug|Any CPU
		{DE029478-6193-432A-9F42-996B514B91C5}.Release|Any CPU.ActiveCfg = Release|Any CPU
		{DE029478-6193-432A-9F42-996B514B91C5}.Release|Any CPU.Build.0 = Release|Any CPU
		{687A9F34-01F6-40AF-A8DE-D1A7FF0F82AC}.Debug|Any CPU.ActiveCfg = Debug|Any CPU
		{687A9F34-01F6-40AF-A8DE-D1A7FF0F82AC}.Debug|Any CPU.Build.0 = Debug|Any CPU
		{687A9F34-01F6-40AF-A8DE-D1A7FF0F82AC}.Release|Any CPU.ActiveCfg = Release|Any CPU
		{687A9F34-01F6-40AF-A8DE-D1A7FF0F82AC}.Release|Any CPU.Build.0 = Release|Any CPU
		{1904998E-A871-4F2A-9514-8037DD96D2FF}.Debug|Any CPU.ActiveCfg = Debug|Any CPU
		{1904998E-A871-4F2A-9514-8037DD96D2FF}.Debug|Any CPU.Build.0 = Debug|Any CPU
		{1904998E-A871-4F2A-9514-8037DD96D2FF}.Release|Any CPU.ActiveCfg = Release|Any CPU
		{1904998E-A871-4F2A-9514-8037DD96D2FF}.Release|Any CPU.Build.0 = Release|Any CPU
		{6D19AC45-FC2E-4935-94B4-C53AE0737392}.Debug|Any CPU.ActiveCfg = Debug|Any CPU
		{6D19AC45-FC2E-4935-94B4-C53AE0737392}.Debug|Any CPU.Build.0 = Debug|Any CPU
		{6D19AC45-FC2E-4935-94B4-C53AE0737392}.Release|Any CPU.ActiveCfg = Release|Any CPU
		{6D19AC45-FC2E-4935-94B4-C53AE0737392}.Release|Any CPU.Build.0 = Release|Any CPU
		{06466637-77A1-44C6-98DC-5B2514E7168F}.Debug|Any CPU.ActiveCfg = Debug|Any CPU
		{06466637-77A1-44C6-98DC-5B2514E7168F}.Debug|Any CPU.Build.0 = Debug|Any CPU
		{06466637-77A1-44C6-98DC-5B2514E7168F}.Release|Any CPU.ActiveCfg = Release|Any CPU
		{06466637-77A1-44C6-98DC-5B2514E7168F}.Release|Any CPU.Build.0 = Release|Any CPU
		{8B756B63-1416-4EFD-8905-48C6317B5A0B}.Debug|Any CPU.ActiveCfg = Debug|Any CPU
		{8B756B63-1416-4EFD-8905-48C6317B5A0B}.Debug|Any CPU.Build.0 = Debug|Any CPU
		{8B756B63-1416-4EFD-8905-48C6317B5A0B}.Release|Any CPU.ActiveCfg = Release|Any CPU
		{8B756B63-1416-4EFD-8905-48C6317B5A0B}.Release|Any CPU.Build.0 = Release|Any CPU
		{529CB8C2-1BC9-4739-AC16-C506564F4CB3}.Debug|Any CPU.ActiveCfg = Debug|Any CPU
		{529CB8C2-1BC9-4739-AC16-C506564F4CB3}.Debug|Any CPU.Build.0 = Debug|Any CPU
		{529CB8C2-1BC9-4739-AC16-C506564F4CB3}.Release|Any CPU.ActiveCfg = Release|Any CPU
		{529CB8C2-1BC9-4739-AC16-C506564F4CB3}.Release|Any CPU.Build.0 = Release|Any CPU
		{CC012125-C11A-49C3-A7AE-786AF13FEE93}.Debug|Any CPU.ActiveCfg = Debug|Any CPU
		{CC012125-C11A-49C3-A7AE-786AF13FEE93}.Debug|Any CPU.Build.0 = Debug|Any CPU
		{CC012125-C11A-49C3-A7AE-786AF13FEE93}.Release|Any CPU.ActiveCfg = Release|Any CPU
		{CC012125-C11A-49C3-A7AE-786AF13FEE93}.Release|Any CPU.Build.0 = Release|Any CPU
		{38450904-2455-4A9C-935C-425CF0627D1F}.Debug|Any CPU.ActiveCfg = Debug|Any CPU
		{38450904-2455-4A9C-935C-425CF0627D1F}.Debug|Any CPU.Build.0 = Debug|Any CPU
		{38450904-2455-4A9C-935C-425CF0627D1F}.Release|Any CPU.ActiveCfg = Release|Any CPU
		{38450904-2455-4A9C-935C-425CF0627D1F}.Release|Any CPU.Build.0 = Release|Any CPU
		{6DCBB64F-C554-493D-A0B4-3C39A9309C4D}.Debug|Any CPU.ActiveCfg = Debug|Any CPU
		{6DCBB64F-C554-493D-A0B4-3C39A9309C4D}.Debug|Any CPU.Build.0 = Debug|Any CPU
		{6DCBB64F-C554-493D-A0B4-3C39A9309C4D}.Release|Any CPU.ActiveCfg = Release|Any CPU
		{6DCBB64F-C554-493D-A0B4-3C39A9309C4D}.Release|Any CPU.Build.0 = Release|Any CPU
	EndGlobalSection
	GlobalSection(SolutionProperties) = preSolution
		HideSolutionNode = FALSE
	EndGlobalSection
EndGlobal
